
Microsoft Visual Studio Solution File, Format Version 12.00
# Visual Studio 15
VisualStudioVersion = 15.0.27703.2026
MinimumVisualStudioVersion = 10.0.40219.1
Project("{2150E333-8FDC-42A3-9474-1A3956D46DE8}") = "Solution Items", "Solution Items", "{27926DD6-D4D0-418F-AB51-EE9FE1A352A9}"
	ProjectSection(SolutionItems) = preProject
		.gitignore = .gitignore
		Exception.xml = Exception.xml
	EndProjectSection
EndProject
Project("{2150E333-8FDC-42A3-9474-1A3956D46DE8}") = "Tests", "Tests", "{DCE03BB7-AAF5-4AC4-BF7E-24199722719C}"
EndProject
Project("{FAE04EC0-301F-11D3-BF4B-00C04F79EFBC}") = "AzureDevOps.Exception.Common", "AzureDevOps.Exception.Common\AzureDevOps.Exception.Common.csproj", "{1EB70C1C-3F66-4203-ACAB-4B4BFEB2E3DB}"
EndProject
Project("{9A19103F-16F7-4668-BE54-9A1E7A4F7556}") = "AzureDevOps.Exception.Service", "AzureDevOps.Exception.Service\AzureDevOps.Exception.Service.csproj", "{A049A6F5-E2F5-4259-80B9-DA76B1008C46}"
EndProject
Project("{FAE04EC0-301F-11D3-BF4B-00C04F79EFBC}") = "AzureDevOps.Exception.Service.Tests", "AzureDevOps.Exception.Service.Tests\AzureDevOps.Exception.Service.Tests.csproj", "{D535BC12-3B15-4EF2-AD0B-6FD5A6E436FC}"
EndProject
Global
	GlobalSection(SolutionConfigurationPlatforms) = preSolution
		Debug|Any CPU = Debug|Any CPU
		Release|Any CPU = Release|Any CPU
	EndGlobalSection
	GlobalSection(ProjectConfigurationPlatforms) = postSolution
		{1EB70C1C-3F66-4203-ACAB-4B4BFEB2E3DB}.Debug|Any CPU.ActiveCfg = Debug|Any CPU
		{1EB70C1C-3F66-4203-ACAB-4B4BFEB2E3DB}.Debug|Any CPU.Build.0 = Debug|Any CPU
		{1EB70C1C-3F66-4203-ACAB-4B4BFEB2E3DB}.Release|Any CPU.ActiveCfg = Release|Any CPU
		{1EB70C1C-3F66-4203-ACAB-4B4BFEB2E3DB}.Release|Any CPU.Build.0 = Release|Any CPU
		{A049A6F5-E2F5-4259-80B9-DA76B1008C46}.Debug|Any CPU.ActiveCfg = Debug|Any CPU
		{A049A6F5-E2F5-4259-80B9-DA76B1008C46}.Debug|Any CPU.Build.0 = Debug|Any CPU
		{A049A6F5-E2F5-4259-80B9-DA76B1008C46}.Release|Any CPU.ActiveCfg = Release|Any CPU
		{A049A6F5-E2F5-4259-80B9-DA76B1008C46}.Release|Any CPU.Build.0 = Release|Any CPU
		{D535BC12-3B15-4EF2-AD0B-6FD5A6E436FC}.Debug|Any CPU.ActiveCfg = Debug|Any CPU
		{D535BC12-3B15-4EF2-AD0B-6FD5A6E436FC}.Debug|Any CPU.Build.0 = Debug|Any CPU
		{D535BC12-3B15-4EF2-AD0B-6FD5A6E436FC}.Release|Any CPU.ActiveCfg = Release|Any CPU
		{D535BC12-3B15-4EF2-AD0B-6FD5A6E436FC}.Release|Any CPU.Build.0 = Release|Any CPU
	EndGlobalSection
	GlobalSection(SolutionProperties) = preSolution
		HideSolutionNode = FALSE
	EndGlobalSection
	GlobalSection(NestedProjects) = preSolution
		{D535BC12-3B15-4EF2-AD0B-6FD5A6E436FC} = {DCE03BB7-AAF5-4AC4-BF7E-24199722719C}
	EndGlobalSection
	GlobalSection(ExtensibilityGlobals) = postSolution
		SolutionGuid = {25F2FA7E-3970-4F9A-8EAF-6F94B9F9C85A}
	EndGlobalSection
	GlobalSection(TestCaseManagementSettings) = postSolution
		CategoryFile = Inmeta TFS Exception Reporter.vsmdi
	EndGlobalSection
EndGlobal
