
Microsoft Visual Studio Solution File, Format Version 11.00
# Visual Studio 2010
Project("{2150E333-8FDC-42A3-9474-1A3956D46DE8}") = "Setup", "Setup", "{0AC3630C-3866-4390-BCEE-A39CEF4DA67D}"
EndProject
Project("{2150E333-8FDC-42A3-9474-1A3956D46DE8}") = "Libs", "Libs", "{9992AE43-7E23-4E0B-86E8-75518A4A7867}"
	ProjectSection(SolutionItems) = preProject
		Libs\Fasterflect.dll = Libs\Fasterflect.dll
		Libs\log4net.dll = Libs\log4net.dll
		Libs\Rhino.Mocks.dll = Libs\Rhino.Mocks.dll
		Libs\Rhino.Mocks.xml = Libs\Rhino.Mocks.xml
	EndProjectSection
EndProject
Project("{FAE04EC0-301F-11D3-BF4B-00C04F79EFBC}") = "Inmeta.Exception.Reporter", "Osiris.Exception.Reporter\Inmeta.Exception.Reporter.csproj", "{5012C512-6ADD-4B9C-BA4E-1713E9B1B766}"
EndProject
Project("{FAE04EC0-301F-11D3-BF4B-00C04F79EFBC}") = "Inmeta.Exception.Service.Common", "Osiris.Exception.Service.Common\Inmeta.Exception.Service.Common.csproj", "{3024D413-23B3-49F5-A70F-1CC8201BF2C3}"
EndProject
Project("{FAE04EC0-301F-11D3-BF4B-00C04F79EFBC}") = "Inmeta.Exception.Tests", "Osiris.Exception.Tests\Inmeta.Exception.Tests.csproj", "{860ECC19-A4A2-4E22-BCE0-939F5DCC516E}"
EndProject
Project("{FAE04EC0-301F-11D3-BF4B-00C04F79EFBC}") = "Inmeta.Exception.Service.Proxy.Reader", "Osiris.Exception.Service.Proxy.Reader\Inmeta.Exception.Service.Proxy.Reader.csproj", "{EB0672F1-64B4-42CF-8D39-B32867876082}"
EndProject
Project("{2150E333-8FDC-42A3-9474-1A3956D46DE8}") = "ReportUI", "ReportUI", "{5D212AAF-3BA1-41A9-BB23-C409964D0975}"
EndProject
Project("{2150E333-8FDC-42A3-9474-1A3956D46DE8}") = "Models", "Models", "{7C14C671-DFF6-42DE-82DB-763265501076}"
EndProject
Project("{F088123C-0E9E-452A-89E6-6BA2F21D5CAC}") = "ExceptionReporterModels", "ExceptionReporterModels\ExceptionReporterModels.modelproj", "{05245356-640B-4631-B9E9-305326FB185C}"
EndProject
Project("{54435603-DBB4-11D2-8724-00A0C9A8B90C}") = "Inmeta.Exception.Service.Reader.Setup", "Setup\Inmeta.Exception.Service.ReaderSetup\Inmeta.Exception.Service.ReaderSetup.vdproj", "{CC91908D-ECD6-4791-B9A9-241675BFFABD}"
EndProject
Project("{FAE04EC0-301F-11D3-BF4B-00C04F79EFBC}") = "Inmeta.Exception.Reporter.Web", "Web\Inmeta.Exception.Reporter.Web\Inmeta.Exception.Reporter.Web.csproj", "{A259F218-627E-472E-BE73-8265DBE5CEC1}"
EndProject
Project("{2150E333-8FDC-42A3-9474-1A3956D46DE8}") = "Installation Documents", "Installation Documents", "{3DEF8900-887B-4FBD-9BD6-154EF3182B77}"
	ProjectSection(SolutionItems) = preProject
		Documentation\Installation Inmeta Exception Reporter Proxy Reader.docx = Documentation\Installation Inmeta Exception Reporter Proxy Reader.docx
		Documentation\Installation of Inmeta Exception Reporter Web Site.docx = Documentation\Installation of Inmeta Exception Reporter Web Site.docx
	EndProjectSection
EndProject
Project("{2150E333-8FDC-42A3-9474-1A3956D46DE8}") = "Tools", "Tools", "{CE9DE117-717C-4E59-AB65-3B6FA9A8DCA3}"
EndProject
Project("{FAE04EC0-301F-11D3-BF4B-00C04F79EFBC}") = "DebugServiceReaderTool", "Tools\DebugServiceReaderTool\DebugServiceReaderTool.csproj", "{AB74CA79-31D9-46D0-8746-8C7EF2F3A07E}"
EndProject
Project("{FAE04EC0-301F-11D3-BF4B-00C04F79EFBC}") = "UsernameAndPasswordEncryption", "Tools\UsernameAndPasswordEncryption\UsernameAndPasswordEncryption.csproj", "{CEF88904-3E93-43CA-AD19-369EF9E18513}"
EndProject
Project("{FAE04EC0-301F-11D3-BF4B-00C04F79EFBC}") = "WinFormBasedExceptionReporterTestApp", "Tools\WinFormBasedExceptionReporter\WinFormBasedExceptionReporterTestApp.csproj", "{A898606F-00DE-4E88-BDB5-55A13295D9CA}"
EndProject
Project("{FAE04EC0-301F-11D3-BF4B-00C04F79EFBC}") = "WPFBasedExceptionReporterTestApp", "Tools\WPFBasedExceptionReporter\WPFBasedExceptionReporterTestApp.csproj", "{6CA1B49C-5AF9-4672-B04C-768F18B00604}"
EndProject
Project("{FAE04EC0-301F-11D3-BF4B-00C04F79EFBC}") = "Inmeta.Exception.Report.WPF", "ReportUI\Inmeta.Exception.ReportUI.WPF\Inmeta.Exception.Report.WPF.csproj", "{0AB51FBE-12E2-468D-B81C-992284D799B4}"
EndProject
Project("{FAE04EC0-301F-11D3-BF4B-00C04F79EFBC}") = "Inmeta.Exception.Report.WinForm", "ReportUI\Inmeta.Exception.ReportUI.Winform\Inmeta.Exception.Report.WinForm.csproj", "{9BFC1D53-6FFE-4280-A3C5-500DA6CD767A}"
EndProject
Project("{FAE04EC0-301F-11D3-BF4B-00C04F79EFBC}") = "Inmeta.Exception.Reporter.UI.Web", "ReportUI\Inmeta.Exception.Reporter.UI.Web\Inmeta.Exception.Reporter.UI.Web.csproj", "{29ECC9B1-44B7-4CAD-B4AD-DF8357F2169C}"
EndProject
Project("{54435603-DBB4-11D2-8724-00A0C9A8B90C}") = "Inmeta.Exception.Reporter.Web.Setup", "Setup\Inmeta.Exception.Reporter.Web.Setup\Inmeta.Exception.Reporter.Web.vdproj", "{E2F5E062-DE7B-4D0C-8919-0E2C7451DB1F}"
EndProject
Project("{2150E333-8FDC-42A3-9474-1A3956D46DE8}") = "Solution Items", "Solution Items", "{27926DD6-D4D0-418F-AB51-EE9FE1A352A9}"
	ProjectSection(SolutionItems) = preProject
		Inmeta TFS Exception Reporter.vsmdi = Inmeta TFS Exception Reporter.vsmdi
		Local.testsettings = Local.testsettings
	EndProjectSection
EndProject
Project("{FAE04EC0-301F-11D3-BF4B-00C04F79EFBC}") = "Kongsberg.Nemo.ExceptionReporter.Plugin", "Kongsberg.Nemo.ExceptionReporter.Plugin\Kongsberg.Nemo.ExceptionReporter.Plugin.csproj", "{CCB7A01B-6217-4C79-9CB2-9D1DA17AAD16}"
EndProject
Global
	GlobalSection(TeamFoundationVersionControl) = preSolution
		SccNumberOfProjects = 17
		SccEnterpriseProvider = {4CA58AB2-18FA-4F8D-95D4-32DDF27D184C}
		SccTeamFoundationServer = http://tfs.osiris.no:8080/tfs/defaultcollection
		SccLocalPath0 = .
		SccProjectUniqueName1 = ExceptionReporterModels\\ExceptionReporterModels.modelproj
		SccProjectTopLevelParentUniqueName1 = Inmeta\u0020TFS\u0020Exception\u0020Reporter.sln
		SccProjectName1 = ExceptionReporterModels
		SccLocalPath1 = ExceptionReporterModels
		SccProjectUniqueName2 = Osiris.Exception.Service.Common\\Inmeta.Exception.Service.Common.csproj
		SccProjectName2 = Osiris.Exception.Service.Common
		SccLocalPath2 = Osiris.Exception.Service.Common
		SccProjectUniqueName3 = Osiris.Exception.Service.Proxy.Reader\\Inmeta.Exception.Service.Proxy.Reader.csproj
		SccProjectName3 = Osiris.Exception.Service.Proxy.Reader
		SccLocalPath3 = Osiris.Exception.Service.Proxy.Reader
		SccProjectUniqueName4 = Osiris.Exception.Tests\\Inmeta.Exception.Tests.csproj
		SccProjectName4 = Osiris.Exception.Tests
		SccLocalPath4 = Osiris.Exception.Tests
		SccProjectUniqueName5 = Osiris.Exception.Reporter\\Inmeta.Exception.Reporter.csproj
		SccProjectName5 = Osiris.Exception.Reporter
		SccLocalPath5 = Osiris.Exception.Reporter
		SccProjectUniqueName6 = Setup\\Inmeta.Exception.Service.ReaderSetup\\Inmeta.Exception.Service.ReaderSetup.vdproj
		SccProjectTopLevelParentUniqueName6 = Inmeta\u0020TFS\u0020Exception\u0020Reporter.sln
		SccProjectName6 = Setup/Inmeta.Exception.Service.ReaderSetup
		SccLocalPath6 = Setup\\Inmeta.Exception.Service.ReaderSetup
		SccProjectUniqueName7 = Web\\Inmeta.Exception.Reporter.Web\\Inmeta.Exception.Reporter.Web.csproj
		SccProjectName7 = Web/Inmeta.Exception.Reporter.Web
		SccLocalPath7 = Web\\Inmeta.Exception.Reporter.Web
		SccProjectUniqueName8 = Tools\\DebugServiceReaderTool\\DebugServiceReaderTool.csproj
		SccProjectTopLevelParentUniqueName8 = Inmeta\u0020TFS\u0020Exception\u0020Reporter.sln
		SccProjectName8 = Tools/DebugServiceReaderTool
		SccLocalPath8 = Tools\\DebugServiceReaderTool
		SccProjectUniqueName9 = Tools\\UsernameAndPasswordEncryption\\UsernameAndPasswordEncryption.csproj
		SccProjectTopLevelParentUniqueName9 = Inmeta\u0020TFS\u0020Exception\u0020Reporter.sln
		SccProjectName9 = Tools/UsernameAndPasswordEncryption
		SccLocalPath9 = Tools\\UsernameAndPasswordEncryption
		SccProjectUniqueName10 = Tools\\WinFormBasedExceptionReporter\\WinFormBasedExceptionReporterTestApp.csproj
		SccProjectTopLevelParentUniqueName10 = Inmeta\u0020TFS\u0020Exception\u0020Reporter.sln
		SccProjectName10 = Tools/WinFormBasedExceptionReporter
		SccLocalPath10 = Tools\\WinFormBasedExceptionReporter
		SccProjectUniqueName11 = Tools\\WPFBasedExceptionReporter\\WPFBasedExceptionReporterTestApp.csproj
		SccProjectTopLevelParentUniqueName11 = Inmeta\u0020TFS\u0020Exception\u0020Reporter.sln
		SccProjectName11 = Tools/WPFBasedExceptionReporter
		SccLocalPath11 = Tools\\WPFBasedExceptionReporter
		SccProjectUniqueName12 = ReportUI\\Inmeta.Exception.ReportUI.WPF\\Inmeta.Exception.Report.WPF.csproj
		SccProjectTopLevelParentUniqueName12 = Inmeta\u0020TFS\u0020Exception\u0020Reporter.sln
		SccProjectName12 = ReportUI/Inmeta.Exception.ReportUI.WPF
		SccLocalPath12 = ReportUI\\Inmeta.Exception.ReportUI.WPF
		SccProjectUniqueName13 = ReportUI\\Inmeta.Exception.ReportUI.Winform\\Inmeta.Exception.Report.WinForm.csproj
		SccProjectTopLevelParentUniqueName13 = Inmeta\u0020TFS\u0020Exception\u0020Reporter.sln
		SccProjectName13 = ReportUI/Inmeta.Exception.ReportUI.Winform
		SccLocalPath13 = ReportUI\\Inmeta.Exception.ReportUI.Winform
		SccProjectUniqueName14 = ReportUI\\Inmeta.Exception.Reporter.UI.Web\\Inmeta.Exception.Reporter.UI.Web.csproj
		SccProjectTopLevelParentUniqueName14 = Inmeta\u0020TFS\u0020Exception\u0020Reporter.sln
		SccProjectName14 = ReportUI/Inmeta.Exception.Reporter.UI.Web
		SccLocalPath14 = ReportUI\\Inmeta.Exception.Reporter.UI.Web
		SccProjectUniqueName15 = Setup\\Inmeta.Exception.Reporter.Web.Setup\\Inmeta.Exception.Reporter.Web.vdproj
		SccProjectTopLevelParentUniqueName15 = Inmeta\u0020TFS\u0020Exception\u0020Reporter.sln
		SccProjectName15 = Setup/Inmeta.Exception.Reporter.Web.Setup
		SccLocalPath15 = Setup\\Inmeta.Exception.Reporter.Web.Setup
		SccProjectUniqueName16 = Kongsberg.Nemo.ExceptionReporter.Plugin\\Kongsberg.Nemo.ExceptionReporter.Plugin.csproj
		SccProjectName16 = Kongsberg.Nemo.ExceptionReporter.Plugin
		SccLocalPath16 = Kongsberg.Nemo.ExceptionReporter.Plugin
	EndGlobalSection
	GlobalSection(TestCaseManagementSettings) = postSolution
		CategoryFile = Inmeta TFS Exception Reporter.vsmdi
	EndGlobalSection
	GlobalSection(SolutionConfigurationPlatforms) = preSolution
		CD_ROM|Any CPU = CD_ROM|Any CPU
		CD_ROM|Mixed Platforms = CD_ROM|Mixed Platforms
		CD_ROM|x64 = CD_ROM|x64
		CD_ROM|x86 = CD_ROM|x86
		Debug|Any CPU = Debug|Any CPU
		Debug|Mixed Platforms = Debug|Mixed Platforms
		Debug|x64 = Debug|x64
		Debug|x86 = Debug|x86
		DVD-5|Any CPU = DVD-5|Any CPU
		DVD-5|Mixed Platforms = DVD-5|Mixed Platforms
		DVD-5|x64 = DVD-5|x64
		DVD-5|x86 = DVD-5|x86
		Release|Any CPU = Release|Any CPU
		Release|Mixed Platforms = Release|Mixed Platforms
		Release|x64 = Release|x64
		Release|x86 = Release|x86
		SingleImage|Any CPU = SingleImage|Any CPU
		SingleImage|Mixed Platforms = SingleImage|Mixed Platforms
		SingleImage|x64 = SingleImage|x64
		SingleImage|x86 = SingleImage|x86
	EndGlobalSection
	GlobalSection(ProjectConfigurationPlatforms) = postSolution
		{5012C512-6ADD-4B9C-BA4E-1713E9B1B766}.CD_ROM|Any CPU.ActiveCfg = Release|Any CPU
		{5012C512-6ADD-4B9C-BA4E-1713E9B1B766}.CD_ROM|Any CPU.Build.0 = Release|Any CPU
		{5012C512-6ADD-4B9C-BA4E-1713E9B1B766}.CD_ROM|Mixed Platforms.ActiveCfg = Release|Any CPU
		{5012C512-6ADD-4B9C-BA4E-1713E9B1B766}.CD_ROM|Mixed Platforms.Build.0 = Release|Any CPU
		{5012C512-6ADD-4B9C-BA4E-1713E9B1B766}.CD_ROM|x64.ActiveCfg = Release|Any CPU
		{5012C512-6ADD-4B9C-BA4E-1713E9B1B766}.CD_ROM|x86.ActiveCfg = Release|Any CPU
		{5012C512-6ADD-4B9C-BA4E-1713E9B1B766}.Debug|Any CPU.ActiveCfg = Debug|Any CPU
		{5012C512-6ADD-4B9C-BA4E-1713E9B1B766}.Debug|Any CPU.Build.0 = Debug|Any CPU
		{5012C512-6ADD-4B9C-BA4E-1713E9B1B766}.Debug|Mixed Platforms.ActiveCfg = Debug|Any CPU
		{5012C512-6ADD-4B9C-BA4E-1713E9B1B766}.Debug|Mixed Platforms.Build.0 = Debug|Any CPU
		{5012C512-6ADD-4B9C-BA4E-1713E9B1B766}.Debug|x64.ActiveCfg = Debug|Any CPU
		{5012C512-6ADD-4B9C-BA4E-1713E9B1B766}.Debug|x86.ActiveCfg = Debug|Any CPU
		{5012C512-6ADD-4B9C-BA4E-1713E9B1B766}.DVD-5|Any CPU.ActiveCfg = Debug|Any CPU
		{5012C512-6ADD-4B9C-BA4E-1713E9B1B766}.DVD-5|Any CPU.Build.0 = Debug|Any CPU
		{5012C512-6ADD-4B9C-BA4E-1713E9B1B766}.DVD-5|Mixed Platforms.ActiveCfg = Debug|Any CPU
		{5012C512-6ADD-4B9C-BA4E-1713E9B1B766}.DVD-5|Mixed Platforms.Build.0 = Debug|Any CPU
		{5012C512-6ADD-4B9C-BA4E-1713E9B1B766}.DVD-5|x64.ActiveCfg = Debug|Any CPU
		{5012C512-6ADD-4B9C-BA4E-1713E9B1B766}.DVD-5|x86.ActiveCfg = Debug|Any CPU
		{5012C512-6ADD-4B9C-BA4E-1713E9B1B766}.Release|Any CPU.ActiveCfg = Release|Any CPU
		{5012C512-6ADD-4B9C-BA4E-1713E9B1B766}.Release|Any CPU.Build.0 = Release|Any CPU
		{5012C512-6ADD-4B9C-BA4E-1713E9B1B766}.Release|Mixed Platforms.ActiveCfg = Release|Any CPU
		{5012C512-6ADD-4B9C-BA4E-1713E9B1B766}.Release|Mixed Platforms.Build.0 = Release|Any CPU
		{5012C512-6ADD-4B9C-BA4E-1713E9B1B766}.Release|x64.ActiveCfg = Release|Any CPU
		{5012C512-6ADD-4B9C-BA4E-1713E9B1B766}.Release|x86.ActiveCfg = Release|Any CPU
		{5012C512-6ADD-4B9C-BA4E-1713E9B1B766}.SingleImage|Any CPU.ActiveCfg = Release|Any CPU
		{5012C512-6ADD-4B9C-BA4E-1713E9B1B766}.SingleImage|Any CPU.Build.0 = Release|Any CPU
		{5012C512-6ADD-4B9C-BA4E-1713E9B1B766}.SingleImage|Mixed Platforms.ActiveCfg = Release|Any CPU
		{5012C512-6ADD-4B9C-BA4E-1713E9B1B766}.SingleImage|Mixed Platforms.Build.0 = Release|Any CPU
		{5012C512-6ADD-4B9C-BA4E-1713E9B1B766}.SingleImage|x64.ActiveCfg = Release|Any CPU
		{5012C512-6ADD-4B9C-BA4E-1713E9B1B766}.SingleImage|x86.ActiveCfg = Release|Any CPU
		{3024D413-23B3-49F5-A70F-1CC8201BF2C3}.CD_ROM|Any CPU.ActiveCfg = Release|Any CPU
		{3024D413-23B3-49F5-A70F-1CC8201BF2C3}.CD_ROM|Any CPU.Build.0 = Release|Any CPU
		{3024D413-23B3-49F5-A70F-1CC8201BF2C3}.CD_ROM|Mixed Platforms.ActiveCfg = Release|Any CPU
		{3024D413-23B3-49F5-A70F-1CC8201BF2C3}.CD_ROM|Mixed Platforms.Build.0 = Release|Any CPU
		{3024D413-23B3-49F5-A70F-1CC8201BF2C3}.CD_ROM|x64.ActiveCfg = Release|Any CPU
		{3024D413-23B3-49F5-A70F-1CC8201BF2C3}.CD_ROM|x86.ActiveCfg = Release|Any CPU
		{3024D413-23B3-49F5-A70F-1CC8201BF2C3}.Debug|Any CPU.ActiveCfg = Debug|Any CPU
		{3024D413-23B3-49F5-A70F-1CC8201BF2C3}.Debug|Any CPU.Build.0 = Debug|Any CPU
		{3024D413-23B3-49F5-A70F-1CC8201BF2C3}.Debug|Mixed Platforms.ActiveCfg = Debug|Any CPU
		{3024D413-23B3-49F5-A70F-1CC8201BF2C3}.Debug|Mixed Platforms.Build.0 = Debug|Any CPU
		{3024D413-23B3-49F5-A70F-1CC8201BF2C3}.Debug|x64.ActiveCfg = Debug|Any CPU
		{3024D413-23B3-49F5-A70F-1CC8201BF2C3}.Debug|x86.ActiveCfg = Debug|Any CPU
		{3024D413-23B3-49F5-A70F-1CC8201BF2C3}.DVD-5|Any CPU.ActiveCfg = Debug|Any CPU
		{3024D413-23B3-49F5-A70F-1CC8201BF2C3}.DVD-5|Any CPU.Build.0 = Debug|Any CPU
		{3024D413-23B3-49F5-A70F-1CC8201BF2C3}.DVD-5|Mixed Platforms.ActiveCfg = Debug|Any CPU
		{3024D413-23B3-49F5-A70F-1CC8201BF2C3}.DVD-5|Mixed Platforms.Build.0 = Debug|Any CPU
		{3024D413-23B3-49F5-A70F-1CC8201BF2C3}.DVD-5|x64.ActiveCfg = Debug|Any CPU
		{3024D413-23B3-49F5-A70F-1CC8201BF2C3}.DVD-5|x86.ActiveCfg = Debug|Any CPU
		{3024D413-23B3-49F5-A70F-1CC8201BF2C3}.Release|Any CPU.ActiveCfg = Release|Any CPU
		{3024D413-23B3-49F5-A70F-1CC8201BF2C3}.Release|Any CPU.Build.0 = Release|Any CPU
		{3024D413-23B3-49F5-A70F-1CC8201BF2C3}.Release|Mixed Platforms.ActiveCfg = Release|Any CPU
		{3024D413-23B3-49F5-A70F-1CC8201BF2C3}.Release|Mixed Platforms.Build.0 = Release|Any CPU
		{3024D413-23B3-49F5-A70F-1CC8201BF2C3}.Release|x64.ActiveCfg = Release|Any CPU
		{3024D413-23B3-49F5-A70F-1CC8201BF2C3}.Release|x86.ActiveCfg = Release|Any CPU
		{3024D413-23B3-49F5-A70F-1CC8201BF2C3}.SingleImage|Any CPU.ActiveCfg = Release|Any CPU
		{3024D413-23B3-49F5-A70F-1CC8201BF2C3}.SingleImage|Any CPU.Build.0 = Release|Any CPU
		{3024D413-23B3-49F5-A70F-1CC8201BF2C3}.SingleImage|Mixed Platforms.ActiveCfg = Release|Any CPU
		{3024D413-23B3-49F5-A70F-1CC8201BF2C3}.SingleImage|Mixed Platforms.Build.0 = Release|Any CPU
		{3024D413-23B3-49F5-A70F-1CC8201BF2C3}.SingleImage|x64.ActiveCfg = Release|Any CPU
		{3024D413-23B3-49F5-A70F-1CC8201BF2C3}.SingleImage|x86.ActiveCfg = Release|Any CPU
		{860ECC19-A4A2-4E22-BCE0-939F5DCC516E}.CD_ROM|Any CPU.ActiveCfg = Release|Any CPU
		{860ECC19-A4A2-4E22-BCE0-939F5DCC516E}.CD_ROM|Any CPU.Build.0 = Release|Any CPU
		{860ECC19-A4A2-4E22-BCE0-939F5DCC516E}.CD_ROM|Mixed Platforms.ActiveCfg = Release|Any CPU
		{860ECC19-A4A2-4E22-BCE0-939F5DCC516E}.CD_ROM|Mixed Platforms.Build.0 = Release|Any CPU
		{860ECC19-A4A2-4E22-BCE0-939F5DCC516E}.CD_ROM|x64.ActiveCfg = Release|Any CPU
		{860ECC19-A4A2-4E22-BCE0-939F5DCC516E}.CD_ROM|x86.ActiveCfg = Release|Any CPU
		{860ECC19-A4A2-4E22-BCE0-939F5DCC516E}.Debug|Any CPU.ActiveCfg = Debug|Any CPU
		{860ECC19-A4A2-4E22-BCE0-939F5DCC516E}.Debug|Any CPU.Build.0 = Debug|Any CPU
		{860ECC19-A4A2-4E22-BCE0-939F5DCC516E}.Debug|Mixed Platforms.ActiveCfg = Debug|Any CPU
		{860ECC19-A4A2-4E22-BCE0-939F5DCC516E}.Debug|x64.ActiveCfg = Debug|Any CPU
		{860ECC19-A4A2-4E22-BCE0-939F5DCC516E}.Debug|x86.ActiveCfg = Debug|Any CPU
		{860ECC19-A4A2-4E22-BCE0-939F5DCC516E}.DVD-5|Any CPU.ActiveCfg = Debug|Any CPU
		{860ECC19-A4A2-4E22-BCE0-939F5DCC516E}.DVD-5|Any CPU.Build.0 = Debug|Any CPU
		{860ECC19-A4A2-4E22-BCE0-939F5DCC516E}.DVD-5|Mixed Platforms.ActiveCfg = Debug|Any CPU
		{860ECC19-A4A2-4E22-BCE0-939F5DCC516E}.DVD-5|Mixed Platforms.Build.0 = Debug|Any CPU
		{860ECC19-A4A2-4E22-BCE0-939F5DCC516E}.DVD-5|x64.ActiveCfg = Debug|Any CPU
		{860ECC19-A4A2-4E22-BCE0-939F5DCC516E}.DVD-5|x86.ActiveCfg = Debug|Any CPU
		{860ECC19-A4A2-4E22-BCE0-939F5DCC516E}.Release|Any CPU.ActiveCfg = Release|Any CPU
		{860ECC19-A4A2-4E22-BCE0-939F5DCC516E}.Release|Any CPU.Build.0 = Release|Any CPU
		{860ECC19-A4A2-4E22-BCE0-939F5DCC516E}.Release|Mixed Platforms.ActiveCfg = Release|Any CPU
		{860ECC19-A4A2-4E22-BCE0-939F5DCC516E}.Release|Mixed Platforms.Build.0 = Release|Any CPU
		{860ECC19-A4A2-4E22-BCE0-939F5DCC516E}.Release|x64.ActiveCfg = Release|Any CPU
		{860ECC19-A4A2-4E22-BCE0-939F5DCC516E}.Release|x86.ActiveCfg = Release|Any CPU
		{860ECC19-A4A2-4E22-BCE0-939F5DCC516E}.SingleImage|Any CPU.ActiveCfg = Release|Any CPU
		{860ECC19-A4A2-4E22-BCE0-939F5DCC516E}.SingleImage|Any CPU.Build.0 = Release|Any CPU
		{860ECC19-A4A2-4E22-BCE0-939F5DCC516E}.SingleImage|Mixed Platforms.ActiveCfg = Release|Any CPU
		{860ECC19-A4A2-4E22-BCE0-939F5DCC516E}.SingleImage|Mixed Platforms.Build.0 = Release|Any CPU
		{860ECC19-A4A2-4E22-BCE0-939F5DCC516E}.SingleImage|x64.ActiveCfg = Release|Any CPU
		{860ECC19-A4A2-4E22-BCE0-939F5DCC516E}.SingleImage|x86.ActiveCfg = Release|Any CPU
		{EB0672F1-64B4-42CF-8D39-B32867876082}.CD_ROM|Any CPU.ActiveCfg = Release|Any CPU
		{EB0672F1-64B4-42CF-8D39-B32867876082}.CD_ROM|Any CPU.Build.0 = Release|Any CPU
		{EB0672F1-64B4-42CF-8D39-B32867876082}.CD_ROM|Mixed Platforms.ActiveCfg = Release|Any CPU
		{EB0672F1-64B4-42CF-8D39-B32867876082}.CD_ROM|Mixed Platforms.Build.0 = Release|Any CPU
		{EB0672F1-64B4-42CF-8D39-B32867876082}.CD_ROM|x64.ActiveCfg = Release|Any CPU
		{EB0672F1-64B4-42CF-8D39-B32867876082}.CD_ROM|x86.ActiveCfg = Release|Any CPU
		{EB0672F1-64B4-42CF-8D39-B32867876082}.Debug|Any CPU.ActiveCfg = Debug|Any CPU
		{EB0672F1-64B4-42CF-8D39-B32867876082}.Debug|Any CPU.Build.0 = Debug|Any CPU
		{EB0672F1-64B4-42CF-8D39-B32867876082}.Debug|Mixed Platforms.ActiveCfg = Debug|Any CPU
		{EB0672F1-64B4-42CF-8D39-B32867876082}.Debug|Mixed Platforms.Build.0 = Debug|Any CPU
		{EB0672F1-64B4-42CF-8D39-B32867876082}.Debug|x64.ActiveCfg = Debug|Any CPU
		{EB0672F1-64B4-42CF-8D39-B32867876082}.Debug|x86.ActiveCfg = Debug|Any CPU
		{EB0672F1-64B4-42CF-8D39-B32867876082}.DVD-5|Any CPU.ActiveCfg = Debug|Any CPU
		{EB0672F1-64B4-42CF-8D39-B32867876082}.DVD-5|Any CPU.Build.0 = Debug|Any CPU
		{EB0672F1-64B4-42CF-8D39-B32867876082}.DVD-5|Mixed Platforms.ActiveCfg = Debug|Any CPU
		{EB0672F1-64B4-42CF-8D39-B32867876082}.DVD-5|Mixed Platforms.Build.0 = Debug|Any CPU
		{EB0672F1-64B4-42CF-8D39-B32867876082}.DVD-5|x64.ActiveCfg = Debug|Any CPU
		{EB0672F1-64B4-42CF-8D39-B32867876082}.DVD-5|x86.ActiveCfg = Debug|Any CPU
		{EB0672F1-64B4-42CF-8D39-B32867876082}.Release|Any CPU.ActiveCfg = Release|Any CPU
		{EB0672F1-64B4-42CF-8D39-B32867876082}.Release|Any CPU.Build.0 = Release|Any CPU
		{EB0672F1-64B4-42CF-8D39-B32867876082}.Release|Mixed Platforms.ActiveCfg = Release|Any CPU
		{EB0672F1-64B4-42CF-8D39-B32867876082}.Release|Mixed Platforms.Build.0 = Release|Any CPU
		{EB0672F1-64B4-42CF-8D39-B32867876082}.Release|x64.ActiveCfg = Release|Any CPU
		{EB0672F1-64B4-42CF-8D39-B32867876082}.Release|x86.ActiveCfg = Release|Any CPU
		{EB0672F1-64B4-42CF-8D39-B32867876082}.SingleImage|Any CPU.ActiveCfg = Release|Any CPU
		{EB0672F1-64B4-42CF-8D39-B32867876082}.SingleImage|Any CPU.Build.0 = Release|Any CPU
		{EB0672F1-64B4-42CF-8D39-B32867876082}.SingleImage|Mixed Platforms.ActiveCfg = Release|Any CPU
		{EB0672F1-64B4-42CF-8D39-B32867876082}.SingleImage|Mixed Platforms.Build.0 = Release|Any CPU
		{EB0672F1-64B4-42CF-8D39-B32867876082}.SingleImage|x64.ActiveCfg = Release|Any CPU
		{EB0672F1-64B4-42CF-8D39-B32867876082}.SingleImage|x86.ActiveCfg = Release|Any CPU
		{05245356-640B-4631-B9E9-305326FB185C}.CD_ROM|Any CPU.ActiveCfg = Release|Any CPU
		{05245356-640B-4631-B9E9-305326FB185C}.CD_ROM|Any CPU.Build.0 = Release|Any CPU
		{05245356-640B-4631-B9E9-305326FB185C}.CD_ROM|Mixed Platforms.ActiveCfg = Release|Any CPU
		{05245356-640B-4631-B9E9-305326FB185C}.CD_ROM|Mixed Platforms.Build.0 = Release|Any CPU
		{05245356-640B-4631-B9E9-305326FB185C}.CD_ROM|x64.ActiveCfg = Release|Any CPU
		{05245356-640B-4631-B9E9-305326FB185C}.CD_ROM|x86.ActiveCfg = Release|Any CPU
		{05245356-640B-4631-B9E9-305326FB185C}.Debug|Any CPU.ActiveCfg = Debug|Any CPU
		{05245356-640B-4631-B9E9-305326FB185C}.Debug|Any CPU.Build.0 = Debug|Any CPU
		{05245356-640B-4631-B9E9-305326FB185C}.Debug|Mixed Platforms.ActiveCfg = Debug|Any CPU
		{05245356-640B-4631-B9E9-305326FB185C}.Debug|Mixed Platforms.Build.0 = Debug|Any CPU
		{05245356-640B-4631-B9E9-305326FB185C}.Debug|x64.ActiveCfg = Debug|Any CPU
		{05245356-640B-4631-B9E9-305326FB185C}.Debug|x86.ActiveCfg = Debug|Any CPU
		{05245356-640B-4631-B9E9-305326FB185C}.DVD-5|Any CPU.ActiveCfg = Debug|Any CPU
		{05245356-640B-4631-B9E9-305326FB185C}.DVD-5|Any CPU.Build.0 = Debug|Any CPU
		{05245356-640B-4631-B9E9-305326FB185C}.DVD-5|Mixed Platforms.ActiveCfg = Debug|Any CPU
		{05245356-640B-4631-B9E9-305326FB185C}.DVD-5|Mixed Platforms.Build.0 = Debug|Any CPU
		{05245356-640B-4631-B9E9-305326FB185C}.DVD-5|x64.ActiveCfg = Debug|Any CPU
		{05245356-640B-4631-B9E9-305326FB185C}.DVD-5|x86.ActiveCfg = Debug|Any CPU
		{05245356-640B-4631-B9E9-305326FB185C}.Release|Any CPU.ActiveCfg = Release|Any CPU
		{05245356-640B-4631-B9E9-305326FB185C}.Release|Any CPU.Build.0 = Release|Any CPU
		{05245356-640B-4631-B9E9-305326FB185C}.Release|Mixed Platforms.ActiveCfg = Release|Any CPU
		{05245356-640B-4631-B9E9-305326FB185C}.Release|Mixed Platforms.Build.0 = Release|Any CPU
		{05245356-640B-4631-B9E9-305326FB185C}.Release|x64.ActiveCfg = Release|Any CPU
		{05245356-640B-4631-B9E9-305326FB185C}.Release|x86.ActiveCfg = Release|Any CPU
		{05245356-640B-4631-B9E9-305326FB185C}.SingleImage|Any CPU.ActiveCfg = Release|Any CPU
		{05245356-640B-4631-B9E9-305326FB185C}.SingleImage|Any CPU.Build.0 = Release|Any CPU
		{05245356-640B-4631-B9E9-305326FB185C}.SingleImage|Mixed Platforms.ActiveCfg = Release|Any CPU
		{05245356-640B-4631-B9E9-305326FB185C}.SingleImage|Mixed Platforms.Build.0 = Release|Any CPU
		{05245356-640B-4631-B9E9-305326FB185C}.SingleImage|x64.ActiveCfg = Release|Any CPU
		{05245356-640B-4631-B9E9-305326FB185C}.SingleImage|x86.ActiveCfg = Release|Any CPU
		{CC91908D-ECD6-4791-B9A9-241675BFFABD}.CD_ROM|Any CPU.ActiveCfg = Release
		{CC91908D-ECD6-4791-B9A9-241675BFFABD}.CD_ROM|Any CPU.Build.0 = Release
		{CC91908D-ECD6-4791-B9A9-241675BFFABD}.CD_ROM|Mixed Platforms.ActiveCfg = Release
		{CC91908D-ECD6-4791-B9A9-241675BFFABD}.CD_ROM|Mixed Platforms.Build.0 = Release
		{CC91908D-ECD6-4791-B9A9-241675BFFABD}.CD_ROM|x64.ActiveCfg = Release
		{CC91908D-ECD6-4791-B9A9-241675BFFABD}.CD_ROM|x64.Build.0 = Release
		{CC91908D-ECD6-4791-B9A9-241675BFFABD}.CD_ROM|x86.ActiveCfg = Release
		{CC91908D-ECD6-4791-B9A9-241675BFFABD}.CD_ROM|x86.Build.0 = Release
		{CC91908D-ECD6-4791-B9A9-241675BFFABD}.Debug|Any CPU.ActiveCfg = Debug
		{CC91908D-ECD6-4791-B9A9-241675BFFABD}.Debug|Any CPU.Build.0 = Debug
		{CC91908D-ECD6-4791-B9A9-241675BFFABD}.Debug|Mixed Platforms.ActiveCfg = Debug
		{CC91908D-ECD6-4791-B9A9-241675BFFABD}.Debug|x64.ActiveCfg = Debug
		{CC91908D-ECD6-4791-B9A9-241675BFFABD}.Debug|x64.Build.0 = Debug
		{CC91908D-ECD6-4791-B9A9-241675BFFABD}.Debug|x86.ActiveCfg = Debug
		{CC91908D-ECD6-4791-B9A9-241675BFFABD}.Debug|x86.Build.0 = Debug
		{CC91908D-ECD6-4791-B9A9-241675BFFABD}.DVD-5|Any CPU.ActiveCfg = Debug
		{CC91908D-ECD6-4791-B9A9-241675BFFABD}.DVD-5|Any CPU.Build.0 = Debug
		{CC91908D-ECD6-4791-B9A9-241675BFFABD}.DVD-5|Mixed Platforms.ActiveCfg = Debug
		{CC91908D-ECD6-4791-B9A9-241675BFFABD}.DVD-5|Mixed Platforms.Build.0 = Debug
		{CC91908D-ECD6-4791-B9A9-241675BFFABD}.DVD-5|x64.ActiveCfg = Debug
		{CC91908D-ECD6-4791-B9A9-241675BFFABD}.DVD-5|x64.Build.0 = Debug
		{CC91908D-ECD6-4791-B9A9-241675BFFABD}.DVD-5|x86.ActiveCfg = Debug
		{CC91908D-ECD6-4791-B9A9-241675BFFABD}.DVD-5|x86.Build.0 = Debug
		{CC91908D-ECD6-4791-B9A9-241675BFFABD}.Release|Any CPU.ActiveCfg = Release
		{CC91908D-ECD6-4791-B9A9-241675BFFABD}.Release|Any CPU.Build.0 = Release
		{CC91908D-ECD6-4791-B9A9-241675BFFABD}.Release|Mixed Platforms.ActiveCfg = Release
		{CC91908D-ECD6-4791-B9A9-241675BFFABD}.Release|Mixed Platforms.Build.0 = Release
		{CC91908D-ECD6-4791-B9A9-241675BFFABD}.Release|x64.ActiveCfg = Release
		{CC91908D-ECD6-4791-B9A9-241675BFFABD}.Release|x64.Build.0 = Release
		{CC91908D-ECD6-4791-B9A9-241675BFFABD}.Release|x86.ActiveCfg = Release
		{CC91908D-ECD6-4791-B9A9-241675BFFABD}.Release|x86.Build.0 = Release
		{CC91908D-ECD6-4791-B9A9-241675BFFABD}.SingleImage|Any CPU.ActiveCfg = Release
		{CC91908D-ECD6-4791-B9A9-241675BFFABD}.SingleImage|Any CPU.Build.0 = Release
		{CC91908D-ECD6-4791-B9A9-241675BFFABD}.SingleImage|Mixed Platforms.ActiveCfg = Release
		{CC91908D-ECD6-4791-B9A9-241675BFFABD}.SingleImage|Mixed Platforms.Build.0 = Release
		{CC91908D-ECD6-4791-B9A9-241675BFFABD}.SingleImage|x64.ActiveCfg = Release
		{CC91908D-ECD6-4791-B9A9-241675BFFABD}.SingleImage|x64.Build.0 = Release
		{CC91908D-ECD6-4791-B9A9-241675BFFABD}.SingleImage|x86.ActiveCfg = Release
		{CC91908D-ECD6-4791-B9A9-241675BFFABD}.SingleImage|x86.Build.0 = Release
		{A259F218-627E-472E-BE73-8265DBE5CEC1}.CD_ROM|Any CPU.ActiveCfg = Release|Any CPU
		{A259F218-627E-472E-BE73-8265DBE5CEC1}.CD_ROM|Any CPU.Build.0 = Release|Any CPU
		{A259F218-627E-472E-BE73-8265DBE5CEC1}.CD_ROM|Mixed Platforms.ActiveCfg = Release|Any CPU
		{A259F218-627E-472E-BE73-8265DBE5CEC1}.CD_ROM|Mixed Platforms.Build.0 = Release|Any CPU
		{A259F218-627E-472E-BE73-8265DBE5CEC1}.CD_ROM|x64.ActiveCfg = Release|Any CPU
		{A259F218-627E-472E-BE73-8265DBE5CEC1}.CD_ROM|x86.ActiveCfg = Release|Any CPU
		{A259F218-627E-472E-BE73-8265DBE5CEC1}.Debug|Any CPU.ActiveCfg = Debug|Any CPU
		{A259F218-627E-472E-BE73-8265DBE5CEC1}.Debug|Any CPU.Build.0 = Debug|Any CPU
		{A259F218-627E-472E-BE73-8265DBE5CEC1}.Debug|Mixed Platforms.ActiveCfg = Debug|Any CPU
		{A259F218-627E-472E-BE73-8265DBE5CEC1}.Debug|Mixed Platforms.Build.0 = Debug|Any CPU
		{A259F218-627E-472E-BE73-8265DBE5CEC1}.Debug|x64.ActiveCfg = Debug|Any CPU
		{A259F218-627E-472E-BE73-8265DBE5CEC1}.Debug|x86.ActiveCfg = Debug|Any CPU
		{A259F218-627E-472E-BE73-8265DBE5CEC1}.DVD-5|Any CPU.ActiveCfg = Debug|Any CPU
		{A259F218-627E-472E-BE73-8265DBE5CEC1}.DVD-5|Any CPU.Build.0 = Debug|Any CPU
		{A259F218-627E-472E-BE73-8265DBE5CEC1}.DVD-5|Mixed Platforms.ActiveCfg = Debug|Any CPU
		{A259F218-627E-472E-BE73-8265DBE5CEC1}.DVD-5|Mixed Platforms.Build.0 = Debug|Any CPU
		{A259F218-627E-472E-BE73-8265DBE5CEC1}.DVD-5|x64.ActiveCfg = Debug|Any CPU
		{A259F218-627E-472E-BE73-8265DBE5CEC1}.DVD-5|x86.ActiveCfg = Debug|Any CPU
		{A259F218-627E-472E-BE73-8265DBE5CEC1}.Release|Any CPU.ActiveCfg = Release|Any CPU
		{A259F218-627E-472E-BE73-8265DBE5CEC1}.Release|Any CPU.Build.0 = Release|Any CPU
		{A259F218-627E-472E-BE73-8265DBE5CEC1}.Release|Mixed Platforms.ActiveCfg = Release|Any CPU
		{A259F218-627E-472E-BE73-8265DBE5CEC1}.Release|Mixed Platforms.Build.0 = Release|Any CPU
		{A259F218-627E-472E-BE73-8265DBE5CEC1}.Release|x64.ActiveCfg = Release|Any CPU
		{A259F218-627E-472E-BE73-8265DBE5CEC1}.Release|x86.ActiveCfg = Release|Any CPU
		{A259F218-627E-472E-BE73-8265DBE5CEC1}.SingleImage|Any CPU.ActiveCfg = Release|Any CPU
		{A259F218-627E-472E-BE73-8265DBE5CEC1}.SingleImage|Any CPU.Build.0 = Release|Any CPU
		{A259F218-627E-472E-BE73-8265DBE5CEC1}.SingleImage|Mixed Platforms.ActiveCfg = Release|Any CPU
		{A259F218-627E-472E-BE73-8265DBE5CEC1}.SingleImage|Mixed Platforms.Build.0 = Release|Any CPU
		{A259F218-627E-472E-BE73-8265DBE5CEC1}.SingleImage|x64.ActiveCfg = Release|Any CPU
		{A259F218-627E-472E-BE73-8265DBE5CEC1}.SingleImage|x86.ActiveCfg = Release|Any CPU
		{AB74CA79-31D9-46D0-8746-8C7EF2F3A07E}.CD_ROM|Any CPU.ActiveCfg = Release|x86
		{AB74CA79-31D9-46D0-8746-8C7EF2F3A07E}.CD_ROM|Mixed Platforms.ActiveCfg = Release|x86
		{AB74CA79-31D9-46D0-8746-8C7EF2F3A07E}.CD_ROM|Mixed Platforms.Build.0 = Release|x86
		{AB74CA79-31D9-46D0-8746-8C7EF2F3A07E}.CD_ROM|x64.ActiveCfg = Release|x86
		{AB74CA79-31D9-46D0-8746-8C7EF2F3A07E}.CD_ROM|x86.ActiveCfg = Release|x86
		{AB74CA79-31D9-46D0-8746-8C7EF2F3A07E}.CD_ROM|x86.Build.0 = Release|x86
		{AB74CA79-31D9-46D0-8746-8C7EF2F3A07E}.Debug|Any CPU.ActiveCfg = Debug|x86
		{AB74CA79-31D9-46D0-8746-8C7EF2F3A07E}.Debug|Mixed Platforms.ActiveCfg = Debug|x86
		{AB74CA79-31D9-46D0-8746-8C7EF2F3A07E}.Debug|Mixed Platforms.Build.0 = Debug|x86
		{AB74CA79-31D9-46D0-8746-8C7EF2F3A07E}.Debug|x64.ActiveCfg = Debug|x86
		{AB74CA79-31D9-46D0-8746-8C7EF2F3A07E}.Debug|x86.ActiveCfg = Debug|x86
		{AB74CA79-31D9-46D0-8746-8C7EF2F3A07E}.Debug|x86.Build.0 = Debug|x86
		{AB74CA79-31D9-46D0-8746-8C7EF2F3A07E}.DVD-5|Any CPU.ActiveCfg = Debug|x86
		{AB74CA79-31D9-46D0-8746-8C7EF2F3A07E}.DVD-5|Mixed Platforms.ActiveCfg = Debug|x86
		{AB74CA79-31D9-46D0-8746-8C7EF2F3A07E}.DVD-5|Mixed Platforms.Build.0 = Debug|x86
		{AB74CA79-31D9-46D0-8746-8C7EF2F3A07E}.DVD-5|x64.ActiveCfg = Debug|x86
		{AB74CA79-31D9-46D0-8746-8C7EF2F3A07E}.DVD-5|x86.ActiveCfg = Debug|x86
		{AB74CA79-31D9-46D0-8746-8C7EF2F3A07E}.DVD-5|x86.Build.0 = Debug|x86
		{AB74CA79-31D9-46D0-8746-8C7EF2F3A07E}.Release|Any CPU.ActiveCfg = Release|x86
		{AB74CA79-31D9-46D0-8746-8C7EF2F3A07E}.Release|Mixed Platforms.ActiveCfg = Release|x86
		{AB74CA79-31D9-46D0-8746-8C7EF2F3A07E}.Release|Mixed Platforms.Build.0 = Release|x86
		{AB74CA79-31D9-46D0-8746-8C7EF2F3A07E}.Release|x64.ActiveCfg = Release|x86
		{AB74CA79-31D9-46D0-8746-8C7EF2F3A07E}.Release|x86.ActiveCfg = Release|x86
		{AB74CA79-31D9-46D0-8746-8C7EF2F3A07E}.Release|x86.Build.0 = Release|x86
		{AB74CA79-31D9-46D0-8746-8C7EF2F3A07E}.SingleImage|Any CPU.ActiveCfg = Release|x86
		{AB74CA79-31D9-46D0-8746-8C7EF2F3A07E}.SingleImage|Mixed Platforms.ActiveCfg = Release|x86
		{AB74CA79-31D9-46D0-8746-8C7EF2F3A07E}.SingleImage|Mixed Platforms.Build.0 = Release|x86
		{AB74CA79-31D9-46D0-8746-8C7EF2F3A07E}.SingleImage|x64.ActiveCfg = Release|x86
		{AB74CA79-31D9-46D0-8746-8C7EF2F3A07E}.SingleImage|x86.ActiveCfg = Release|x86
		{AB74CA79-31D9-46D0-8746-8C7EF2F3A07E}.SingleImage|x86.Build.0 = Release|x86
		{CEF88904-3E93-43CA-AD19-369EF9E18513}.CD_ROM|Any CPU.ActiveCfg = Release|x86
		{CEF88904-3E93-43CA-AD19-369EF9E18513}.CD_ROM|Mixed Platforms.ActiveCfg = Release|x86
		{CEF88904-3E93-43CA-AD19-369EF9E18513}.CD_ROM|Mixed Platforms.Build.0 = Release|x86
		{CEF88904-3E93-43CA-AD19-369EF9E18513}.CD_ROM|x64.ActiveCfg = Release|x86
		{CEF88904-3E93-43CA-AD19-369EF9E18513}.CD_ROM|x86.ActiveCfg = Release|x86
		{CEF88904-3E93-43CA-AD19-369EF9E18513}.CD_ROM|x86.Build.0 = Release|x86
		{CEF88904-3E93-43CA-AD19-369EF9E18513}.Debug|Any CPU.ActiveCfg = Debug|x86
		{CEF88904-3E93-43CA-AD19-369EF9E18513}.Debug|Mixed Platforms.ActiveCfg = Debug|x86
		{CEF88904-3E93-43CA-AD19-369EF9E18513}.Debug|Mixed Platforms.Build.0 = Debug|x86
		{CEF88904-3E93-43CA-AD19-369EF9E18513}.Debug|x64.ActiveCfg = Debug|x86
		{CEF88904-3E93-43CA-AD19-369EF9E18513}.Debug|x86.ActiveCfg = Debug|x86
		{CEF88904-3E93-43CA-AD19-369EF9E18513}.Debug|x86.Build.0 = Debug|x86
		{CEF88904-3E93-43CA-AD19-369EF9E18513}.DVD-5|Any CPU.ActiveCfg = Debug|x86
		{CEF88904-3E93-43CA-AD19-369EF9E18513}.DVD-5|Mixed Platforms.ActiveCfg = Debug|x86
		{CEF88904-3E93-43CA-AD19-369EF9E18513}.DVD-5|Mixed Platforms.Build.0 = Debug|x86
		{CEF88904-3E93-43CA-AD19-369EF9E18513}.DVD-5|x64.ActiveCfg = Debug|x86
		{CEF88904-3E93-43CA-AD19-369EF9E18513}.DVD-5|x86.ActiveCfg = Debug|x86
		{CEF88904-3E93-43CA-AD19-369EF9E18513}.DVD-5|x86.Build.0 = Debug|x86
		{CEF88904-3E93-43CA-AD19-369EF9E18513}.Release|Any CPU.ActiveCfg = Release|x86
		{CEF88904-3E93-43CA-AD19-369EF9E18513}.Release|Mixed Platforms.ActiveCfg = Release|x86
		{CEF88904-3E93-43CA-AD19-369EF9E18513}.Release|Mixed Platforms.Build.0 = Release|x86
		{CEF88904-3E93-43CA-AD19-369EF9E18513}.Release|x64.ActiveCfg = Release|x86
		{CEF88904-3E93-43CA-AD19-369EF9E18513}.Release|x86.ActiveCfg = Release|x86
		{CEF88904-3E93-43CA-AD19-369EF9E18513}.Release|x86.Build.0 = Release|x86
		{CEF88904-3E93-43CA-AD19-369EF9E18513}.SingleImage|Any CPU.ActiveCfg = Release|x86
		{CEF88904-3E93-43CA-AD19-369EF9E18513}.SingleImage|Mixed Platforms.ActiveCfg = Release|x86
		{CEF88904-3E93-43CA-AD19-369EF9E18513}.SingleImage|Mixed Platforms.Build.0 = Release|x86
		{CEF88904-3E93-43CA-AD19-369EF9E18513}.SingleImage|x64.ActiveCfg = Release|x86
		{CEF88904-3E93-43CA-AD19-369EF9E18513}.SingleImage|x86.ActiveCfg = Release|x86
		{CEF88904-3E93-43CA-AD19-369EF9E18513}.SingleImage|x86.Build.0 = Release|x86
		{A898606F-00DE-4E88-BDB5-55A13295D9CA}.CD_ROM|Any CPU.ActiveCfg = Release|Any CPU
		{A898606F-00DE-4E88-BDB5-55A13295D9CA}.CD_ROM|Any CPU.Build.0 = Release|Any CPU
		{A898606F-00DE-4E88-BDB5-55A13295D9CA}.CD_ROM|Mixed Platforms.ActiveCfg = Release|Any CPU
		{A898606F-00DE-4E88-BDB5-55A13295D9CA}.CD_ROM|Mixed Platforms.Build.0 = Release|Any CPU
		{A898606F-00DE-4E88-BDB5-55A13295D9CA}.CD_ROM|x64.ActiveCfg = Release|Any CPU
		{A898606F-00DE-4E88-BDB5-55A13295D9CA}.CD_ROM|x86.ActiveCfg = Release|Any CPU
		{A898606F-00DE-4E88-BDB5-55A13295D9CA}.Debug|Any CPU.ActiveCfg = Debug|Any CPU
		{A898606F-00DE-4E88-BDB5-55A13295D9CA}.Debug|Any CPU.Build.0 = Debug|Any CPU
		{A898606F-00DE-4E88-BDB5-55A13295D9CA}.Debug|Mixed Platforms.ActiveCfg = Debug|Any CPU
		{A898606F-00DE-4E88-BDB5-55A13295D9CA}.Debug|Mixed Platforms.Build.0 = Debug|Any CPU
		{A898606F-00DE-4E88-BDB5-55A13295D9CA}.Debug|x64.ActiveCfg = Debug|Any CPU
		{A898606F-00DE-4E88-BDB5-55A13295D9CA}.Debug|x86.ActiveCfg = Debug|Any CPU
		{A898606F-00DE-4E88-BDB5-55A13295D9CA}.DVD-5|Any CPU.ActiveCfg = Debug|Any CPU
		{A898606F-00DE-4E88-BDB5-55A13295D9CA}.DVD-5|Any CPU.Build.0 = Debug|Any CPU
		{A898606F-00DE-4E88-BDB5-55A13295D9CA}.DVD-5|Mixed Platforms.ActiveCfg = Debug|Any CPU
		{A898606F-00DE-4E88-BDB5-55A13295D9CA}.DVD-5|Mixed Platforms.Build.0 = Debug|Any CPU
		{A898606F-00DE-4E88-BDB5-55A13295D9CA}.DVD-5|x64.ActiveCfg = Debug|Any CPU
		{A898606F-00DE-4E88-BDB5-55A13295D9CA}.DVD-5|x86.ActiveCfg = Debug|Any CPU
		{A898606F-00DE-4E88-BDB5-55A13295D9CA}.Release|Any CPU.ActiveCfg = Release|Any CPU
		{A898606F-00DE-4E88-BDB5-55A13295D9CA}.Release|Any CPU.Build.0 = Release|Any CPU
		{A898606F-00DE-4E88-BDB5-55A13295D9CA}.Release|Mixed Platforms.ActiveCfg = Release|Any CPU
		{A898606F-00DE-4E88-BDB5-55A13295D9CA}.Release|Mixed Platforms.Build.0 = Release|Any CPU
		{A898606F-00DE-4E88-BDB5-55A13295D9CA}.Release|x64.ActiveCfg = Release|Any CPU
		{A898606F-00DE-4E88-BDB5-55A13295D9CA}.Release|x86.ActiveCfg = Release|Any CPU
		{A898606F-00DE-4E88-BDB5-55A13295D9CA}.SingleImage|Any CPU.ActiveCfg = Release|Any CPU
		{A898606F-00DE-4E88-BDB5-55A13295D9CA}.SingleImage|Any CPU.Build.0 = Release|Any CPU
		{A898606F-00DE-4E88-BDB5-55A13295D9CA}.SingleImage|Mixed Platforms.ActiveCfg = Release|Any CPU
		{A898606F-00DE-4E88-BDB5-55A13295D9CA}.SingleImage|Mixed Platforms.Build.0 = Release|Any CPU
		{A898606F-00DE-4E88-BDB5-55A13295D9CA}.SingleImage|x64.ActiveCfg = Release|Any CPU
		{A898606F-00DE-4E88-BDB5-55A13295D9CA}.SingleImage|x86.ActiveCfg = Release|Any CPU
		{6CA1B49C-5AF9-4672-B04C-768F18B00604}.CD_ROM|Any CPU.ActiveCfg = Release|x86
		{6CA1B49C-5AF9-4672-B04C-768F18B00604}.CD_ROM|Mixed Platforms.ActiveCfg = Release|x86
		{6CA1B49C-5AF9-4672-B04C-768F18B00604}.CD_ROM|Mixed Platforms.Build.0 = Release|x86
		{6CA1B49C-5AF9-4672-B04C-768F18B00604}.CD_ROM|x64.ActiveCfg = Release|x86
		{6CA1B49C-5AF9-4672-B04C-768F18B00604}.CD_ROM|x86.ActiveCfg = Release|x86
		{6CA1B49C-5AF9-4672-B04C-768F18B00604}.CD_ROM|x86.Build.0 = Release|x86
		{6CA1B49C-5AF9-4672-B04C-768F18B00604}.Debug|Any CPU.ActiveCfg = Debug|x86
		{6CA1B49C-5AF9-4672-B04C-768F18B00604}.Debug|Mixed Platforms.ActiveCfg = Debug|x86
		{6CA1B49C-5AF9-4672-B04C-768F18B00604}.Debug|Mixed Platforms.Build.0 = Debug|x86
		{6CA1B49C-5AF9-4672-B04C-768F18B00604}.Debug|x64.ActiveCfg = Debug|x86
		{6CA1B49C-5AF9-4672-B04C-768F18B00604}.Debug|x86.ActiveCfg = Debug|x86
		{6CA1B49C-5AF9-4672-B04C-768F18B00604}.Debug|x86.Build.0 = Debug|x86
		{6CA1B49C-5AF9-4672-B04C-768F18B00604}.DVD-5|Any CPU.ActiveCfg = Debug|x86
		{6CA1B49C-5AF9-4672-B04C-768F18B00604}.DVD-5|Mixed Platforms.ActiveCfg = Debug|x86
		{6CA1B49C-5AF9-4672-B04C-768F18B00604}.DVD-5|Mixed Platforms.Build.0 = Debug|x86
		{6CA1B49C-5AF9-4672-B04C-768F18B00604}.DVD-5|x64.ActiveCfg = Debug|x86
		{6CA1B49C-5AF9-4672-B04C-768F18B00604}.DVD-5|x86.ActiveCfg = Debug|x86
		{6CA1B49C-5AF9-4672-B04C-768F18B00604}.DVD-5|x86.Build.0 = Debug|x86
		{6CA1B49C-5AF9-4672-B04C-768F18B00604}.Release|Any CPU.ActiveCfg = Release|x86
		{6CA1B49C-5AF9-4672-B04C-768F18B00604}.Release|Mixed Platforms.ActiveCfg = Release|x86
		{6CA1B49C-5AF9-4672-B04C-768F18B00604}.Release|Mixed Platforms.Build.0 = Release|x86
		{6CA1B49C-5AF9-4672-B04C-768F18B00604}.Release|x64.ActiveCfg = Release|x86
		{6CA1B49C-5AF9-4672-B04C-768F18B00604}.Release|x86.ActiveCfg = Release|x86
		{6CA1B49C-5AF9-4672-B04C-768F18B00604}.Release|x86.Build.0 = Release|x86
		{6CA1B49C-5AF9-4672-B04C-768F18B00604}.SingleImage|Any CPU.ActiveCfg = Release|x86
		{6CA1B49C-5AF9-4672-B04C-768F18B00604}.SingleImage|Mixed Platforms.ActiveCfg = Release|x86
		{6CA1B49C-5AF9-4672-B04C-768F18B00604}.SingleImage|Mixed Platforms.Build.0 = Release|x86
		{6CA1B49C-5AF9-4672-B04C-768F18B00604}.SingleImage|x64.ActiveCfg = Release|x86
		{6CA1B49C-5AF9-4672-B04C-768F18B00604}.SingleImage|x86.ActiveCfg = Release|x86
		{6CA1B49C-5AF9-4672-B04C-768F18B00604}.SingleImage|x86.Build.0 = Release|x86
		{0AB51FBE-12E2-468D-B81C-992284D799B4}.CD_ROM|Any CPU.ActiveCfg = Release|Any CPU
		{0AB51FBE-12E2-468D-B81C-992284D799B4}.CD_ROM|Any CPU.Build.0 = Release|Any CPU
		{0AB51FBE-12E2-468D-B81C-992284D799B4}.CD_ROM|Mixed Platforms.ActiveCfg = Release|Any CPU
		{0AB51FBE-12E2-468D-B81C-992284D799B4}.CD_ROM|Mixed Platforms.Build.0 = Release|Any CPU
		{0AB51FBE-12E2-468D-B81C-992284D799B4}.CD_ROM|x64.ActiveCfg = Release|Any CPU
		{0AB51FBE-12E2-468D-B81C-992284D799B4}.CD_ROM|x86.ActiveCfg = Release|Any CPU
		{0AB51FBE-12E2-468D-B81C-992284D799B4}.Debug|Any CPU.ActiveCfg = Debug|Any CPU
		{0AB51FBE-12E2-468D-B81C-992284D799B4}.Debug|Any CPU.Build.0 = Debug|Any CPU
		{0AB51FBE-12E2-468D-B81C-992284D799B4}.Debug|Mixed Platforms.ActiveCfg = Debug|Any CPU
		{0AB51FBE-12E2-468D-B81C-992284D799B4}.Debug|Mixed Platforms.Build.0 = Debug|Any CPU
		{0AB51FBE-12E2-468D-B81C-992284D799B4}.Debug|x64.ActiveCfg = Debug|Any CPU
		{0AB51FBE-12E2-468D-B81C-992284D799B4}.Debug|x86.ActiveCfg = Debug|Any CPU
		{0AB51FBE-12E2-468D-B81C-992284D799B4}.DVD-5|Any CPU.ActiveCfg = Debug|Any CPU
		{0AB51FBE-12E2-468D-B81C-992284D799B4}.DVD-5|Any CPU.Build.0 = Debug|Any CPU
		{0AB51FBE-12E2-468D-B81C-992284D799B4}.DVD-5|Mixed Platforms.ActiveCfg = Debug|Any CPU
		{0AB51FBE-12E2-468D-B81C-992284D799B4}.DVD-5|Mixed Platforms.Build.0 = Debug|Any CPU
		{0AB51FBE-12E2-468D-B81C-992284D799B4}.DVD-5|x64.ActiveCfg = Debug|Any CPU
		{0AB51FBE-12E2-468D-B81C-992284D799B4}.DVD-5|x86.ActiveCfg = Debug|Any CPU
		{0AB51FBE-12E2-468D-B81C-992284D799B4}.Release|Any CPU.ActiveCfg = Release|Any CPU
		{0AB51FBE-12E2-468D-B81C-992284D799B4}.Release|Any CPU.Build.0 = Release|Any CPU
		{0AB51FBE-12E2-468D-B81C-992284D799B4}.Release|Mixed Platforms.ActiveCfg = Release|Any CPU
		{0AB51FBE-12E2-468D-B81C-992284D799B4}.Release|Mixed Platforms.Build.0 = Release|Any CPU
		{0AB51FBE-12E2-468D-B81C-992284D799B4}.Release|x64.ActiveCfg = Release|Any CPU
		{0AB51FBE-12E2-468D-B81C-992284D799B4}.Release|x86.ActiveCfg = Release|Any CPU
		{0AB51FBE-12E2-468D-B81C-992284D799B4}.SingleImage|Any CPU.ActiveCfg = Release|Any CPU
		{0AB51FBE-12E2-468D-B81C-992284D799B4}.SingleImage|Any CPU.Build.0 = Release|Any CPU
		{0AB51FBE-12E2-468D-B81C-992284D799B4}.SingleImage|Mixed Platforms.ActiveCfg = Release|Any CPU
		{0AB51FBE-12E2-468D-B81C-992284D799B4}.SingleImage|Mixed Platforms.Build.0 = Release|Any CPU
		{0AB51FBE-12E2-468D-B81C-992284D799B4}.SingleImage|x64.ActiveCfg = Release|Any CPU
		{0AB51FBE-12E2-468D-B81C-992284D799B4}.SingleImage|x86.ActiveCfg = Release|Any CPU
		{9BFC1D53-6FFE-4280-A3C5-500DA6CD767A}.CD_ROM|Any CPU.ActiveCfg = Release|Any CPU
		{9BFC1D53-6FFE-4280-A3C5-500DA6CD767A}.CD_ROM|Any CPU.Build.0 = Release|Any CPU
		{9BFC1D53-6FFE-4280-A3C5-500DA6CD767A}.CD_ROM|Mixed Platforms.ActiveCfg = Release|Any CPU
		{9BFC1D53-6FFE-4280-A3C5-500DA6CD767A}.CD_ROM|Mixed Platforms.Build.0 = Release|Any CPU
		{9BFC1D53-6FFE-4280-A3C5-500DA6CD767A}.CD_ROM|x64.ActiveCfg = Release|Any CPU
		{9BFC1D53-6FFE-4280-A3C5-500DA6CD767A}.CD_ROM|x86.ActiveCfg = Release|Any CPU
		{9BFC1D53-6FFE-4280-A3C5-500DA6CD767A}.Debug|Any CPU.ActiveCfg = Debug|Any CPU
		{9BFC1D53-6FFE-4280-A3C5-500DA6CD767A}.Debug|Any CPU.Build.0 = Debug|Any CPU
		{9BFC1D53-6FFE-4280-A3C5-500DA6CD767A}.Debug|Mixed Platforms.ActiveCfg = Debug|Any CPU
		{9BFC1D53-6FFE-4280-A3C5-500DA6CD767A}.Debug|Mixed Platforms.Build.0 = Debug|Any CPU
		{9BFC1D53-6FFE-4280-A3C5-500DA6CD767A}.Debug|x64.ActiveCfg = Debug|Any CPU
		{9BFC1D53-6FFE-4280-A3C5-500DA6CD767A}.Debug|x86.ActiveCfg = Debug|Any CPU
		{9BFC1D53-6FFE-4280-A3C5-500DA6CD767A}.DVD-5|Any CPU.ActiveCfg = Debug|Any CPU
		{9BFC1D53-6FFE-4280-A3C5-500DA6CD767A}.DVD-5|Any CPU.Build.0 = Debug|Any CPU
		{9BFC1D53-6FFE-4280-A3C5-500DA6CD767A}.DVD-5|Mixed Platforms.ActiveCfg = Debug|Any CPU
		{9BFC1D53-6FFE-4280-A3C5-500DA6CD767A}.DVD-5|Mixed Platforms.Build.0 = Debug|Any CPU
		{9BFC1D53-6FFE-4280-A3C5-500DA6CD767A}.DVD-5|x64.ActiveCfg = Debug|Any CPU
		{9BFC1D53-6FFE-4280-A3C5-500DA6CD767A}.DVD-5|x86.ActiveCfg = Debug|Any CPU
		{9BFC1D53-6FFE-4280-A3C5-500DA6CD767A}.Release|Any CPU.ActiveCfg = Release|Any CPU
		{9BFC1D53-6FFE-4280-A3C5-500DA6CD767A}.Release|Any CPU.Build.0 = Release|Any CPU
		{9BFC1D53-6FFE-4280-A3C5-500DA6CD767A}.Release|Mixed Platforms.ActiveCfg = Release|Any CPU
		{9BFC1D53-6FFE-4280-A3C5-500DA6CD767A}.Release|Mixed Platforms.Build.0 = Release|Any CPU
		{9BFC1D53-6FFE-4280-A3C5-500DA6CD767A}.Release|x64.ActiveCfg = Release|Any CPU
		{9BFC1D53-6FFE-4280-A3C5-500DA6CD767A}.Release|x86.ActiveCfg = Release|Any CPU
		{9BFC1D53-6FFE-4280-A3C5-500DA6CD767A}.SingleImage|Any CPU.ActiveCfg = Release|Any CPU
		{9BFC1D53-6FFE-4280-A3C5-500DA6CD767A}.SingleImage|Any CPU.Build.0 = Release|Any CPU
		{9BFC1D53-6FFE-4280-A3C5-500DA6CD767A}.SingleImage|Mixed Platforms.ActiveCfg = Release|Any CPU
		{9BFC1D53-6FFE-4280-A3C5-500DA6CD767A}.SingleImage|Mixed Platforms.Build.0 = Release|Any CPU
		{9BFC1D53-6FFE-4280-A3C5-500DA6CD767A}.SingleImage|x64.ActiveCfg = Release|Any CPU
		{9BFC1D53-6FFE-4280-A3C5-500DA6CD767A}.SingleImage|x86.ActiveCfg = Release|Any CPU
		{29ECC9B1-44B7-4CAD-B4AD-DF8357F2169C}.CD_ROM|Any CPU.ActiveCfg = Release|Any CPU
		{29ECC9B1-44B7-4CAD-B4AD-DF8357F2169C}.CD_ROM|Any CPU.Build.0 = Release|Any CPU
		{29ECC9B1-44B7-4CAD-B4AD-DF8357F2169C}.CD_ROM|Mixed Platforms.ActiveCfg = Release|Any CPU
		{29ECC9B1-44B7-4CAD-B4AD-DF8357F2169C}.CD_ROM|Mixed Platforms.Build.0 = Release|Any CPU
		{29ECC9B1-44B7-4CAD-B4AD-DF8357F2169C}.CD_ROM|x64.ActiveCfg = Release|Any CPU
		{29ECC9B1-44B7-4CAD-B4AD-DF8357F2169C}.CD_ROM|x86.ActiveCfg = Release|Any CPU
		{29ECC9B1-44B7-4CAD-B4AD-DF8357F2169C}.Debug|Any CPU.ActiveCfg = Debug|Any CPU
		{29ECC9B1-44B7-4CAD-B4AD-DF8357F2169C}.Debug|Any CPU.Build.0 = Debug|Any CPU
		{29ECC9B1-44B7-4CAD-B4AD-DF8357F2169C}.Debug|Mixed Platforms.ActiveCfg = Debug|Any CPU
		{29ECC9B1-44B7-4CAD-B4AD-DF8357F2169C}.Debug|Mixed Platforms.Build.0 = Debug|Any CPU
		{29ECC9B1-44B7-4CAD-B4AD-DF8357F2169C}.Debug|x64.ActiveCfg = Debug|Any CPU
		{29ECC9B1-44B7-4CAD-B4AD-DF8357F2169C}.Debug|x86.ActiveCfg = Debug|Any CPU
		{29ECC9B1-44B7-4CAD-B4AD-DF8357F2169C}.DVD-5|Any CPU.ActiveCfg = Debug|Any CPU
		{29ECC9B1-44B7-4CAD-B4AD-DF8357F2169C}.DVD-5|Any CPU.Build.0 = Debug|Any CPU
		{29ECC9B1-44B7-4CAD-B4AD-DF8357F2169C}.DVD-5|Mixed Platforms.ActiveCfg = Debug|Any CPU
		{29ECC9B1-44B7-4CAD-B4AD-DF8357F2169C}.DVD-5|Mixed Platforms.Build.0 = Debug|Any CPU
		{29ECC9B1-44B7-4CAD-B4AD-DF8357F2169C}.DVD-5|x64.ActiveCfg = Debug|Any CPU
		{29ECC9B1-44B7-4CAD-B4AD-DF8357F2169C}.DVD-5|x86.ActiveCfg = Debug|Any CPU
		{29ECC9B1-44B7-4CAD-B4AD-DF8357F2169C}.Release|Any CPU.ActiveCfg = Release|Any CPU
		{29ECC9B1-44B7-4CAD-B4AD-DF8357F2169C}.Release|Any CPU.Build.0 = Release|Any CPU
		{29ECC9B1-44B7-4CAD-B4AD-DF8357F2169C}.Release|Mixed Platforms.ActiveCfg = Release|Any CPU
		{29ECC9B1-44B7-4CAD-B4AD-DF8357F2169C}.Release|Mixed Platforms.Build.0 = Release|Any CPU
		{29ECC9B1-44B7-4CAD-B4AD-DF8357F2169C}.Release|x64.ActiveCfg = Release|Any CPU
		{29ECC9B1-44B7-4CAD-B4AD-DF8357F2169C}.Release|x86.ActiveCfg = Release|Any CPU
		{29ECC9B1-44B7-4CAD-B4AD-DF8357F2169C}.SingleImage|Any CPU.ActiveCfg = Release|Any CPU
		{29ECC9B1-44B7-4CAD-B4AD-DF8357F2169C}.SingleImage|Any CPU.Build.0 = Release|Any CPU
		{29ECC9B1-44B7-4CAD-B4AD-DF8357F2169C}.SingleImage|Mixed Platforms.ActiveCfg = Release|Any CPU
		{29ECC9B1-44B7-4CAD-B4AD-DF8357F2169C}.SingleImage|Mixed Platforms.Build.0 = Release|Any CPU
		{29ECC9B1-44B7-4CAD-B4AD-DF8357F2169C}.SingleImage|x64.ActiveCfg = Release|Any CPU
		{29ECC9B1-44B7-4CAD-B4AD-DF8357F2169C}.SingleImage|x86.ActiveCfg = Release|Any CPU
		{E2F5E062-DE7B-4D0C-8919-0E2C7451DB1F}.CD_ROM|Any CPU.ActiveCfg = Release
		{E2F5E062-DE7B-4D0C-8919-0E2C7451DB1F}.CD_ROM|Any CPU.Build.0 = Release
		{E2F5E062-DE7B-4D0C-8919-0E2C7451DB1F}.CD_ROM|Mixed Platforms.ActiveCfg = Release
		{E2F5E062-DE7B-4D0C-8919-0E2C7451DB1F}.CD_ROM|Mixed Platforms.Build.0 = Release
		{E2F5E062-DE7B-4D0C-8919-0E2C7451DB1F}.CD_ROM|x64.ActiveCfg = Release
		{E2F5E062-DE7B-4D0C-8919-0E2C7451DB1F}.CD_ROM|x64.Build.0 = Release
		{E2F5E062-DE7B-4D0C-8919-0E2C7451DB1F}.CD_ROM|x86.ActiveCfg = Release
		{E2F5E062-DE7B-4D0C-8919-0E2C7451DB1F}.CD_ROM|x86.Build.0 = Release
		{E2F5E062-DE7B-4D0C-8919-0E2C7451DB1F}.Debug|Any CPU.ActiveCfg = Debug
		{E2F5E062-DE7B-4D0C-8919-0E2C7451DB1F}.Debug|Any CPU.Build.0 = Debug
		{E2F5E062-DE7B-4D0C-8919-0E2C7451DB1F}.Debug|Mixed Platforms.ActiveCfg = Debug
		{E2F5E062-DE7B-4D0C-8919-0E2C7451DB1F}.Debug|x64.ActiveCfg = Debug
		{E2F5E062-DE7B-4D0C-8919-0E2C7451DB1F}.Debug|x64.Build.0 = Debug
		{E2F5E062-DE7B-4D0C-8919-0E2C7451DB1F}.Debug|x86.ActiveCfg = Debug
		{E2F5E062-DE7B-4D0C-8919-0E2C7451DB1F}.Debug|x86.Build.0 = Debug
		{E2F5E062-DE7B-4D0C-8919-0E2C7451DB1F}.DVD-5|Any CPU.ActiveCfg = Debug
		{E2F5E062-DE7B-4D0C-8919-0E2C7451DB1F}.DVD-5|Any CPU.Build.0 = Debug
		{E2F5E062-DE7B-4D0C-8919-0E2C7451DB1F}.DVD-5|Mixed Platforms.ActiveCfg = Debug
		{E2F5E062-DE7B-4D0C-8919-0E2C7451DB1F}.DVD-5|Mixed Platforms.Build.0 = Debug
		{E2F5E062-DE7B-4D0C-8919-0E2C7451DB1F}.DVD-5|x64.ActiveCfg = Debug
		{E2F5E062-DE7B-4D0C-8919-0E2C7451DB1F}.DVD-5|x64.Build.0 = Debug
		{E2F5E062-DE7B-4D0C-8919-0E2C7451DB1F}.DVD-5|x86.ActiveCfg = Debug
		{E2F5E062-DE7B-4D0C-8919-0E2C7451DB1F}.DVD-5|x86.Build.0 = Debug
		{E2F5E062-DE7B-4D0C-8919-0E2C7451DB1F}.Release|Any CPU.ActiveCfg = Release
		{E2F5E062-DE7B-4D0C-8919-0E2C7451DB1F}.Release|Any CPU.Build.0 = Release
		{E2F5E062-DE7B-4D0C-8919-0E2C7451DB1F}.Release|Mixed Platforms.ActiveCfg = Release
		{E2F5E062-DE7B-4D0C-8919-0E2C7451DB1F}.Release|Mixed Platforms.Build.0 = Release
		{E2F5E062-DE7B-4D0C-8919-0E2C7451DB1F}.Release|x64.ActiveCfg = Release
		{E2F5E062-DE7B-4D0C-8919-0E2C7451DB1F}.Release|x64.Build.0 = Release
		{E2F5E062-DE7B-4D0C-8919-0E2C7451DB1F}.Release|x86.ActiveCfg = Release
		{E2F5E062-DE7B-4D0C-8919-0E2C7451DB1F}.Release|x86.Build.0 = Release
		{E2F5E062-DE7B-4D0C-8919-0E2C7451DB1F}.SingleImage|Any CPU.ActiveCfg = Release
		{E2F5E062-DE7B-4D0C-8919-0E2C7451DB1F}.SingleImage|Any CPU.Build.0 = Release
		{E2F5E062-DE7B-4D0C-8919-0E2C7451DB1F}.SingleImage|Mixed Platforms.ActiveCfg = Release
		{E2F5E062-DE7B-4D0C-8919-0E2C7451DB1F}.SingleImage|Mixed Platforms.Build.0 = Release
		{E2F5E062-DE7B-4D0C-8919-0E2C7451DB1F}.SingleImage|x64.ActiveCfg = Release
		{E2F5E062-DE7B-4D0C-8919-0E2C7451DB1F}.SingleImage|x64.Build.0 = Release
		{E2F5E062-DE7B-4D0C-8919-0E2C7451DB1F}.SingleImage|x86.ActiveCfg = Release
		{E2F5E062-DE7B-4D0C-8919-0E2C7451DB1F}.SingleImage|x86.Build.0 = Release
		{CCB7A01B-6217-4C79-9CB2-9D1DA17AAD16}.CD_ROM|Any CPU.ActiveCfg = Release|Any CPU
		{CCB7A01B-6217-4C79-9CB2-9D1DA17AAD16}.CD_ROM|Any CPU.Build.0 = Release|Any CPU
		{CCB7A01B-6217-4C79-9CB2-9D1DA17AAD16}.CD_ROM|Mixed Platforms.ActiveCfg = Release|Any CPU
		{CCB7A01B-6217-4C79-9CB2-9D1DA17AAD16}.CD_ROM|Mixed Platforms.Build.0 = Release|Any CPU
		{CCB7A01B-6217-4C79-9CB2-9D1DA17AAD16}.CD_ROM|x64.ActiveCfg = Release|Any CPU
		{CCB7A01B-6217-4C79-9CB2-9D1DA17AAD16}.CD_ROM|x86.ActiveCfg = Release|Any CPU
		{CCB7A01B-6217-4C79-9CB2-9D1DA17AAD16}.Debug|Any CPU.ActiveCfg = Debug|Any CPU
		{CCB7A01B-6217-4C79-9CB2-9D1DA17AAD16}.Debug|Any CPU.Build.0 = Debug|Any CPU
		{CCB7A01B-6217-4C79-9CB2-9D1DA17AAD16}.Debug|Mixed Platforms.ActiveCfg = Debug|Any CPU
		{CCB7A01B-6217-4C79-9CB2-9D1DA17AAD16}.Debug|Mixed Platforms.Build.0 = Debug|Any CPU
		{CCB7A01B-6217-4C79-9CB2-9D1DA17AAD16}.Debug|x64.ActiveCfg = Debug|Any CPU
		{CCB7A01B-6217-4C79-9CB2-9D1DA17AAD16}.Debug|x86.ActiveCfg = Debug|Any CPU
		{CCB7A01B-6217-4C79-9CB2-9D1DA17AAD16}.DVD-5|Any CPU.ActiveCfg = Debug|Any CPU
		{CCB7A01B-6217-4C79-9CB2-9D1DA17AAD16}.DVD-5|Any CPU.Build.0 = Debug|Any CPU
		{CCB7A01B-6217-4C79-9CB2-9D1DA17AAD16}.DVD-5|Mixed Platforms.ActiveCfg = Debug|Any CPU
		{CCB7A01B-6217-4C79-9CB2-9D1DA17AAD16}.DVD-5|Mixed Platforms.Build.0 = Debug|Any CPU
		{CCB7A01B-6217-4C79-9CB2-9D1DA17AAD16}.DVD-5|x64.ActiveCfg = Debug|Any CPU
		{CCB7A01B-6217-4C79-9CB2-9D1DA17AAD16}.DVD-5|x86.ActiveCfg = Debug|Any CPU
		{CCB7A01B-6217-4C79-9CB2-9D1DA17AAD16}.Release|Any CPU.ActiveCfg = Release|Any CPU
		{CCB7A01B-6217-4C79-9CB2-9D1DA17AAD16}.Release|Any CPU.Build.0 = Release|Any CPU
		{CCB7A01B-6217-4C79-9CB2-9D1DA17AAD16}.Release|Mixed Platforms.ActiveCfg = Release|Any CPU
		{CCB7A01B-6217-4C79-9CB2-9D1DA17AAD16}.Release|Mixed Platforms.Build.0 = Release|Any CPU
		{CCB7A01B-6217-4C79-9CB2-9D1DA17AAD16}.Release|x64.ActiveCfg = Release|Any CPU
		{CCB7A01B-6217-4C79-9CB2-9D1DA17AAD16}.Release|x86.ActiveCfg = Release|Any CPU
		{CCB7A01B-6217-4C79-9CB2-9D1DA17AAD16}.SingleImage|Any CPU.ActiveCfg = Release|Any CPU
		{CCB7A01B-6217-4C79-9CB2-9D1DA17AAD16}.SingleImage|Any CPU.Build.0 = Release|Any CPU
		{CCB7A01B-6217-4C79-9CB2-9D1DA17AAD16}.SingleImage|Mixed Platforms.ActiveCfg = Release|Any CPU
		{CCB7A01B-6217-4C79-9CB2-9D1DA17AAD16}.SingleImage|Mixed Platforms.Build.0 = Release|Any CPU
		{CCB7A01B-6217-4C79-9CB2-9D1DA17AAD16}.SingleImage|x64.ActiveCfg = Release|Any CPU
		{CCB7A01B-6217-4C79-9CB2-9D1DA17AAD16}.SingleImage|x86.ActiveCfg = Release|Any CPU
	EndGlobalSection
	GlobalSection(SolutionProperties) = preSolution
		HideSolutionNode = FALSE
	EndGlobalSection
	GlobalSection(NestedProjects) = preSolution
		{CC91908D-ECD6-4791-B9A9-241675BFFABD} = {0AC3630C-3866-4390-BCEE-A39CEF4DA67D}
		{E2F5E062-DE7B-4D0C-8919-0E2C7451DB1F} = {0AC3630C-3866-4390-BCEE-A39CEF4DA67D}
		{0AB51FBE-12E2-468D-B81C-992284D799B4} = {5D212AAF-3BA1-41A9-BB23-C409964D0975}
		{9BFC1D53-6FFE-4280-A3C5-500DA6CD767A} = {5D212AAF-3BA1-41A9-BB23-C409964D0975}
		{29ECC9B1-44B7-4CAD-B4AD-DF8357F2169C} = {5D212AAF-3BA1-41A9-BB23-C409964D0975}
		{05245356-640B-4631-B9E9-305326FB185C} = {7C14C671-DFF6-42DE-82DB-763265501076}
		{AB74CA79-31D9-46D0-8746-8C7EF2F3A07E} = {CE9DE117-717C-4E59-AB65-3B6FA9A8DCA3}
		{CEF88904-3E93-43CA-AD19-369EF9E18513} = {CE9DE117-717C-4E59-AB65-3B6FA9A8DCA3}
		{A898606F-00DE-4E88-BDB5-55A13295D9CA} = {CE9DE117-717C-4E59-AB65-3B6FA9A8DCA3}
		{6CA1B49C-5AF9-4672-B04C-768F18B00604} = {CE9DE117-717C-4E59-AB65-3B6FA9A8DCA3}
	EndGlobalSection
	GlobalSection(NDepend) = preSolution
		Project = ".\Osiris TFS Exception Reporter.ndproj"
	EndGlobalSection
EndGlobal
